
Microsoft Visual Studio Solution File, Format Version 12.00
# Visual Studio Version 16
VisualStudioVersion = 16.0.30503.244
MinimumVisualStudioVersion = 10.0.40219.1
Project("{9A19103F-16F7-4668-BE54-9A1E7A4F7556}") = "QnAIntegrationCustomSkill", "QnAIntegrationCustomSkill\QnAIntegrationCustomSkill.csproj", "{8E081757-8EF1-43F4-AA97-8CCA1C40393E}"
EndProject
Project("{9A19103F-16F7-4668-BE54-9A1E7A4F7556}") = "Common", "Common\Common.csproj", "{8D811C88-BCBC-4224-8443-84570C93E66E}"
EndProject
Global
	GlobalSection(SolutionConfigurationPlatforms) = preSolution
		Debug|Any CPU = Debug|Any CPU
		Release|Any CPU = Release|Any CPU
	EndGlobalSection
	GlobalSection(ProjectConfigurationPlatforms) = postSolution
		{8E081757-8EF1-43F4-AA97-8CCA1C40393E}.Debug|Any CPU.ActiveCfg = Debug|Any CPU
		{8E081757-8EF1-43F4-AA97-8CCA1C40393E}.Debug|Any CPU.Build.0 = Debug|Any CPU
		{8E081757-8EF1-43F4-AA97-8CCA1C40393E}.Release|Any CPU.ActiveCfg = Release|Any CPU
		{8E081757-8EF1-43F4-AA97-8CCA1C40393E}.Release|Any CPU.Build.0 = Release|Any CPU
		{8D811C88-BCBC-4224-8443-84570C93E66E}.Debug|Any CPU.ActiveCfg = Debug|Any CPU
		{8D811C88-BCBC-4224-8443-84570C93E66E}.Debug|Any CPU.Build.0 = Debug|Any CPU
		{8D811C88-BCBC-4224-8443-84570C93E66E}.Release|Any CPU.ActiveCfg = Release|Any CPU
		{8D811C88-BCBC-4224-8443-84570C93E66E}.Release|Any CPU.Build.0 = Release|Any CPU
	EndGlobalSection
	GlobalSection(SolutionProperties) = preSolution
		HideSolutionNode = FALSE
	EndGlobalSection
	GlobalSection(ExtensibilityGlobals) = postSolution
		SolutionGuid = {8D822709-220B-4B84-9C82-5CC5D0F71376}
	EndGlobalSection
EndGlobal
